// !$*UTF8*$!
{
	archiveVersion = 1;
	classes = {
	};
	objectVersion = 46;
	objects = {

/* Begin PBXBuildFile section */
		03C3EF161B67FC00007CF7B2 /* AppDelegate.swift in Sources */ = {isa = PBXBuildFile; fileRef = 03C3EF151B67FC00007CF7B2 /* AppDelegate.swift */; };
		03C3EF181B67FC00007CF7B2 /* ViewController.swift in Sources */ = {isa = PBXBuildFile; fileRef = 03C3EF171B67FC00007CF7B2 /* ViewController.swift */; };
		03C3EF1B1B67FC00007CF7B2 /* Main.storyboard in Resources */ = {isa = PBXBuildFile; fileRef = 03C3EF191B67FC00007CF7B2 /* Main.storyboard */; };
		03C3EF1D1B67FC00007CF7B2 /* Images.xcassets in Resources */ = {isa = PBXBuildFile; fileRef = 03C3EF1C1B67FC00007CF7B2 /* Images.xcassets */; };
		03C3EF201B67FC00007CF7B2 /* LaunchScreen.xib in Resources */ = {isa = PBXBuildFile; fileRef = 03C3EF1E1B67FC00007CF7B2 /* LaunchScreen.xib */; };
		03C3EF2C1B67FC01007CF7B2 /* NDFillButtonTests.swift in Sources */ = {isa = PBXBuildFile; fileRef = 03C3EF2B1B67FC01007CF7B2 /* NDFillButtonTests.swift */; };
		03C3EF371B67FC7C007CF7B2 /* NDFillButton.swift in Sources */ = {isa = PBXBuildFile; fileRef = 03C3EF361B67FC7C007CF7B2 /* NDFillButton.swift */; };
/* End PBXBuildFile section */

/* Begin PBXContainerItemProxy section */
		03C3EF261B67FC00007CF7B2 /* PBXContainerItemProxy */ = {
			isa = PBXContainerItemProxy;
			containerPortal = 03C3EF081B67FC00007CF7B2 /* Project object */;
			proxyType = 1;
			remoteGlobalIDString = 03C3EF0F1B67FC00007CF7B2;
			remoteInfo = NDFillButton;
		};
/* End PBXContainerItemProxy section */

/* Begin PBXFileReference section */
		03C3EF101B67FC00007CF7B2 /* NDFillButton.app */ = {isa = PBXFileReference; explicitFileType = wrapper.application; includeInIndex = 0; path = NDFillButton.app; sourceTree = BUILT_PRODUCTS_DIR; };
		03C3EF141B67FC00007CF7B2 /* Info.plist */ = {isa = PBXFileReference; lastKnownFileType = text.plist.xml; path = Info.plist; sourceTree = "<group>"; };
		03C3EF151B67FC00007CF7B2 /* AppDelegate.swift */ = {isa = PBXFileReference; lastKnownFileType = sourcecode.swift; path = AppDelegate.swift; sourceTree = "<group>"; };
		03C3EF171B67FC00007CF7B2 /* ViewController.swift */ = {isa = PBXFileReference; lastKnownFileType = sourcecode.swift; path = ViewController.swift; sourceTree = "<group>"; };
		03C3EF1A1B67FC00007CF7B2 /* Base */ = {isa = PBXFileReference; lastKnownFileType = file.storyboard; name = Base; path = Base.lproj/Main.storyboard; sourceTree = "<group>"; };
		03C3EF1C1B67FC00007CF7B2 /* Images.xcassets */ = {isa = PBXFileReference; lastKnownFileType = folder.assetcatalog; path = Images.xcassets; sourceTree = "<group>"; };
		03C3EF1F1B67FC00007CF7B2 /* Base */ = {isa = PBXFileReference; lastKnownFileType = file.xib; name = Base; path = Base.lproj/LaunchScreen.xib; sourceTree = "<group>"; };
		03C3EF251B67FC00007CF7B2 /* NDFillButtonTests.xctest */ = {isa = PBXFileReference; explicitFileType = wrapper.cfbundle; includeInIndex = 0; path = NDFillButtonTests.xctest; sourceTree = BUILT_PRODUCTS_DIR; };
		03C3EF2A1B67FC01007CF7B2 /* Info.plist */ = {isa = PBXFileReference; lastKnownFileType = text.plist.xml; path = Info.plist; sourceTree = "<group>"; };
		03C3EF2B1B67FC01007CF7B2 /* NDFillButtonTests.swift */ = {isa = PBXFileReference; lastKnownFileType = sourcecode.swift; path = NDFillButtonTests.swift; sourceTree = "<group>"; };
		03C3EF361B67FC7C007CF7B2 /* NDFillButton.swift */ = {isa = PBXFileReference; fileEncoding = 4; lastKnownFileType = sourcecode.swift; path = NDFillButton.swift; sourceTree = "<group>"; };
/* End PBXFileReference section */

/* Begin PBXFrameworksBuildPhase section */
		03C3EF0D1B67FC00007CF7B2 /* Frameworks */ = {
			isa = PBXFrameworksBuildPhase;
			buildActionMask = 2147483647;
			files = (
			);
			runOnlyForDeploymentPostprocessing = 0;
		};
		03C3EF221B67FC00007CF7B2 /* Frameworks */ = {
			isa = PBXFrameworksBuildPhase;
			buildActionMask = 2147483647;
			files = (
			);
			runOnlyForDeploymentPostprocessing = 0;
		};
/* End PBXFrameworksBuildPhase section */

/* Begin PBXGroup section */
		03C3EF071B67FC00007CF7B2 = {
			isa = PBXGroup;
			children = (
				03C3EF121B67FC00007CF7B2 /* NDFillButton */,
				03C3EF281B67FC00007CF7B2 /* NDFillButtonTests */,
				03C3EF111B67FC00007CF7B2 /* Products */,
			);
			sourceTree = "<group>";
		};
		03C3EF111B67FC00007CF7B2 /* Products */ = {
			isa = PBXGroup;
			children = (
				03C3EF101B67FC00007CF7B2 /* NDFillButton.app */,
				03C3EF251B67FC00007CF7B2 /* NDFillButtonTests.xctest */,
			);
			name = Products;
			sourceTree = "<group>";
		};
		03C3EF121B67FC00007CF7B2 /* NDFillButton */ = {
			isa = PBXGroup;
			children = (
				03C3EF351B67FC46007CF7B2 /* Library */,
				03C3EF151B67FC00007CF7B2 /* AppDelegate.swift */,
				03C3EF171B67FC00007CF7B2 /* ViewController.swift */,
				03C3EF191B67FC00007CF7B2 /* Main.storyboard */,
				03C3EF1C1B67FC00007CF7B2 /* Images.xcassets */,
				03C3EF1E1B67FC00007CF7B2 /* LaunchScreen.xib */,
				03C3EF131B67FC00007CF7B2 /* Supporting Files */,
			);
			path = NDFillButton;
			sourceTree = "<group>";
		};
		03C3EF131B67FC00007CF7B2 /* Supporting Files */ = {
			isa = PBXGroup;
			children = (
				03C3EF141B67FC00007CF7B2 /* Info.plist */,
			);
			name = "Supporting Files";
			sourceTree = "<group>";
		};
		03C3EF281B67FC00007CF7B2 /* NDFillButtonTests */ = {
			isa = PBXGroup;
			children = (
				03C3EF2B1B67FC01007CF7B2 /* NDFillButtonTests.swift */,
				03C3EF291B67FC00007CF7B2 /* Supporting Files */,
			);
			path = NDFillButtonTests;
			sourceTree = "<group>";
		};
		03C3EF291B67FC00007CF7B2 /* Supporting Files */ = {
			isa = PBXGroup;
			children = (
				03C3EF2A1B67FC01007CF7B2 /* Info.plist */,
			);
			name = "Supporting Files";
			sourceTree = "<group>";
		};
		03C3EF351B67FC46007CF7B2 /* Library */ = {
			isa = PBXGroup;
			children = (
				03C3EF361B67FC7C007CF7B2 /* NDFillButton.swift */,
			);
			path = Library;
			sourceTree = "<group>";
		};
/* End PBXGroup section */

/* Begin PBXNativeTarget section */
		03C3EF0F1B67FC00007CF7B2 /* NDFillButton */ = {
			isa = PBXNativeTarget;
			buildConfigurationList = 03C3EF2F1B67FC01007CF7B2 /* Build configuration list for PBXNativeTarget "NDFillButton" */;
			buildPhases = (
				03C3EF0C1B67FC00007CF7B2 /* Sources */,
				03C3EF0D1B67FC00007CF7B2 /* Frameworks */,
				03C3EF0E1B67FC00007CF7B2 /* Resources */,
			);
			buildRules = (
			);
			dependencies = (
			);
			name = NDFillButton;
			productName = NDFillButton;
			productReference = 03C3EF101B67FC00007CF7B2 /* NDFillButton.app */;
			productType = "com.apple.product-type.application";
		};
		03C3EF241B67FC00007CF7B2 /* NDFillButtonTests */ = {
			isa = PBXNativeTarget;
			buildConfigurationList = 03C3EF321B67FC01007CF7B2 /* Build configuration list for PBXNativeTarget "NDFillButtonTests" */;
			buildPhases = (
				03C3EF211B67FC00007CF7B2 /* Sources */,
				03C3EF221B67FC00007CF7B2 /* Frameworks */,
				03C3EF231B67FC00007CF7B2 /* Resources */,
			);
			buildRules = (
			);
			dependencies = (
				03C3EF271B67FC00007CF7B2 /* PBXTargetDependency */,
			);
			name = NDFillButtonTests;
			productName = NDFillButtonTests;
			productReference = 03C3EF251B67FC00007CF7B2 /* NDFillButtonTests.xctest */;
			productType = "com.apple.product-type.bundle.unit-test";
		};
/* End PBXNativeTarget section */

/* Begin PBXProject section */
		03C3EF081B67FC00007CF7B2 /* Project object */ = {
			isa = PBXProject;
			attributes = {
				LastSwiftMigration = 0700;
				LastSwiftUpdateCheck = 0700;
				LastUpgradeCheck = 0700;
				ORGANIZATIONNAME = "Neil Dwyer";
				TargetAttributes = {
					03C3EF0F1B67FC00007CF7B2 = {
						CreatedOnToolsVersion = 6.4;
					};
					03C3EF241B67FC00007CF7B2 = {
						CreatedOnToolsVersion = 6.4;
						TestTargetID = 03C3EF0F1B67FC00007CF7B2;
					};
				};
			};
			buildConfigurationList = 03C3EF0B1B67FC00007CF7B2 /* Build configuration list for PBXProject "NDFillButton" */;
			compatibilityVersion = "Xcode 3.2";
			developmentRegion = English;
			hasScannedForEncodings = 0;
			knownRegions = (
				en,
				Base,
			);
			mainGroup = 03C3EF071B67FC00007CF7B2;
			productRefGroup = 03C3EF111B67FC00007CF7B2 /* Products */;
			projectDirPath = "";
			projectRoot = "";
			targets = (
				03C3EF0F1B67FC00007CF7B2 /* NDFillButton */,
				03C3EF241B67FC00007CF7B2 /* NDFillButtonTests */,
			);
		};
/* End PBXProject section */

/* Begin PBXResourcesBuildPhase section */
		03C3EF0E1B67FC00007CF7B2 /* Resources */ = {
			isa = PBXResourcesBuildPhase;
			buildActionMask = 2147483647;
			files = (
				03C3EF1B1B67FC00007CF7B2 /* Main.storyboard in Resources */,
				03C3EF201B67FC00007CF7B2 /* LaunchScreen.xib in Resources */,
				03C3EF1D1B67FC00007CF7B2 /* Images.xcassets in Resources */,
			);
			runOnlyForDeploymentPostprocessing = 0;
		};
		03C3EF231B67FC00007CF7B2 /* Resources */ = {
			isa = PBXResourcesBuildPhase;
			buildActionMask = 2147483647;
			files = (
			);
			runOnlyForDeploymentPostprocessing = 0;
		};
/* End PBXResourcesBuildPhase section */

/* Begin PBXSourcesBuildPhase section */
		03C3EF0C1B67FC00007CF7B2 /* Sources */ = {
			isa = PBXSourcesBuildPhase;
			buildActionMask = 2147483647;
			files = (
				03C3EF371B67FC7C007CF7B2 /* NDFillButton.swift in Sources */,
				03C3EF181B67FC00007CF7B2 /* ViewController.swift in Sources */,
				03C3EF161B67FC00007CF7B2 /* AppDelegate.swift in Sources */,
			);
			runOnlyForDeploymentPostprocessing = 0;
		};
		03C3EF211B67FC00007CF7B2 /* Sources */ = {
			isa = PBXSourcesBuildPhase;
			buildActionMask = 2147483647;
			files = (
				03C3EF2C1B67FC01007CF7B2 /* NDFillButtonTests.swift in Sources */,
			);
			runOnlyForDeploymentPostprocessing = 0;
		};
/* End PBXSourcesBuildPhase section */

/* Begin PBXTargetDependency section */
		03C3EF271B67FC00007CF7B2 /* PBXTargetDependency */ = {
			isa = PBXTargetDependency;
			target = 03C3EF0F1B67FC00007CF7B2 /* NDFillButton */;
			targetProxy = 03C3EF261B67FC00007CF7B2 /* PBXContainerItemProxy */;
		};
/* End PBXTargetDependency section */

/* Begin PBXVariantGroup section */
		03C3EF191B67FC00007CF7B2 /* Main.storyboard */ = {
			isa = PBXVariantGroup;
			children = (
				03C3EF1A1B67FC00007CF7B2 /* Base */,
			);
			name = Main.storyboard;
			sourceTree = "<group>";
		};
		03C3EF1E1B67FC00007CF7B2 /* LaunchScreen.xib */ = {
			isa = PBXVariantGroup;
			children = (
				03C3EF1F1B67FC00007CF7B2 /* Base */,
			);
			name = LaunchScreen.xib;
			sourceTree = "<group>";
		};
/* End PBXVariantGroup section */

/* Begin XCBuildConfiguration section */
		03C3EF2D1B67FC01007CF7B2 /* Debug */ = {
			isa = XCBuildConfiguration;
			buildSettings = {
				ALWAYS_SEARCH_USER_PATHS = NO;
				CLANG_CXX_LANGUAGE_STANDARD = "gnu++0x";
				CLANG_CXX_LIBRARY = "libc++";
				CLANG_ENABLE_MODULES = YES;
				CLANG_ENABLE_OBJC_ARC = YES;
				CLANG_WARN_BOOL_CONVERSION = YES;
				CLANG_WARN_CONSTANT_CONVERSION = YES;
				CLANG_WARN_DIRECT_OBJC_ISA_USAGE = YES_ERROR;
				CLANG_WARN_EMPTY_BODY = YES;
				CLANG_WARN_ENUM_CONVERSION = YES;
				CLANG_WARN_INT_CONVERSION = YES;
				CLANG_WARN_OBJC_ROOT_CLASS = YES_ERROR;
				CLANG_WARN_UNREACHABLE_CODE = YES;
				CLANG_WARN__DUPLICATE_METHOD_MATCH = YES;
				"CODE_SIGN_IDENTITY[sdk=iphoneos*]" = "iPhone Developer";
				COPY_PHASE_STRIP = NO;
				DEBUG_INFORMATION_FORMAT = "dwarf-with-dsym";
				ENABLE_STRICT_OBJC_MSGSEND = YES;
				ENABLE_TESTABILITY = YES;
				GCC_C_LANGUAGE_STANDARD = gnu99;
				GCC_DYNAMIC_NO_PIC = NO;
				GCC_NO_COMMON_BLOCKS = YES;
				GCC_OPTIMIZATION_LEVEL = 0;
				GCC_PREPROCESSOR_DEFINITIONS = (
					"DEBUG=1",
					"$(inherited)",
				);
				GCC_SYMBOLS_PRIVATE_EXTERN = NO;
				GCC_WARN_64_TO_32_BIT_CONVERSION = YES;
				GCC_WARN_ABOUT_RETURN_TYPE = YES_ERROR;
				GCC_WARN_UNDECLARED_SELECTOR = YES;
				GCC_WARN_UNINITIALIZED_AUTOS = YES_AGGRESSIVE;
				GCC_WARN_UNUSED_FUNCTION = YES;
				GCC_WARN_UNUSED_VARIABLE = YES;
				IPHONEOS_DEPLOYMENT_TARGET = 8.4;
				MTL_ENABLE_DEBUG_INFO = YES;
				ONLY_ACTIVE_ARCH = YES;
				SDKROOT = iphoneos;
				SWIFT_OPTIMIZATION_LEVEL = "-Onone";
				TARGETED_DEVICE_FAMILY = "1,2";
			};
			name = Debug;
		};
		03C3EF2E1B67FC01007CF7B2 /* Release */ = {
			isa = XCBuildConfiguration;
			buildSettings = {
				ALWAYS_SEARCH_USER_PATHS = NO;
				CLANG_CXX_LANGUAGE_STANDARD = "gnu++0x";
				CLANG_CXX_LIBRARY = "libc++";
				CLANG_ENABLE_MODULES = YES;
				CLANG_ENABLE_OBJC_ARC = YES;
				CLANG_WARN_BOOL_CONVERSION = YES;
				CLANG_WARN_CONSTANT_CONVERSION = YES;
				CLANG_WARN_DIRECT_OBJC_ISA_USAGE = YES_ERROR;
				CLANG_WARN_EMPTY_BODY = YES;
				CLANG_WARN_ENUM_CONVERSION = YES;
				CLANG_WARN_INT_CONVERSION = YES;
				CLANG_WARN_OBJC_ROOT_CLASS = YES_ERROR;
				CLANG_WARN_UNREACHABLE_CODE = YES;
				CLANG_WARN__DUPLICATE_METHOD_MATCH = YES;
				"CODE_SIGN_IDENTITY[sdk=iphoneos*]" = "iPhone Developer";
				COPY_PHASE_STRIP = NO;
				DEBUG_INFORMATION_FORMAT = "dwarf-with-dsym";
				ENABLE_NS_ASSERTIONS = NO;
				ENABLE_STRICT_OBJC_MSGSEND = YES;
				GCC_C_LANGUAGE_STANDARD = gnu99;
				GCC_NO_COMMON_BLOCKS = YES;
				GCC_WARN_64_TO_32_BIT_CONVERSION = YES;
				GCC_WARN_ABOUT_RETURN_TYPE = YES_ERROR;
				GCC_WARN_UNDECLARED_SELECTOR = YES;
				GCC_WARN_UNINITIALIZED_AUTOS = YES_AGGRESSIVE;
				GCC_WARN_UNUSED_FUNCTION = YES;
				GCC_WARN_UNUSED_VARIABLE = YES;
				IPHONEOS_DEPLOYMENT_TARGET = 8.4;
				MTL_ENABLE_DEBUG_INFO = NO;
				SDKROOT = iphoneos;
				TARGETED_DEVICE_FAMILY = "1,2";
				VALIDATE_PRODUCT = YES;
			};
			name = Release;
		};
		03C3EF301B67FC01007CF7B2 /* Debug */ = {
			isa = XCBuildConfiguration;
			buildSettings = {
				ASSETCATALOG_COMPILER_APPICON_NAME = AppIcon;
				INFOPLIST_FILE = NDFillButton/Info.plist;
				LD_RUNPATH_SEARCH_PATHS = "$(inherited) @executable_path/Frameworks";
				PRODUCT_BUNDLE_IDENTIFIER = "Neil-Dwyer.$(PRODUCT_NAME:rfc1034identifier)";
				PRODUCT_NAME = "$(TARGET_NAME)";
			};
			name = Debug;
		};
		03C3EF311B67FC01007CF7B2 /* Release */ = {
			isa = XCBuildConfiguration;
			buildSettings = {
				ASSETCATALOG_COMPILER_APPICON_NAME = AppIcon;
				INFOPLIST_FILE = NDFillButton/Info.plist;
				LD_RUNPATH_SEARCH_PATHS = "$(inherited) @executable_path/Frameworks";
				PRODUCT_BUNDLE_IDENTIFIER = "Neil-Dwyer.$(PRODUCT_NAME:rfc1034identifier)";
				PRODUCT_NAME = "$(TARGET_NAME)";
			};
			name = Release;
		};
		03C3EF331B67FC01007CF7B2 /* Debug */ = {
			isa = XCBuildConfiguration;
			buildSettings = {
				BUNDLE_LOADER = "$(TEST_HOST)";
				FRAMEWORK_SEARCH_PATHS = (
					"$(SDKROOT)/Developer/Library/Frameworks",
					"$(inherited)",
				);
				GCC_PREPROCESSOR_DEFINITIONS = (
					"DEBUG=1",
					"$(inherited)",
				);
				INFOPLIST_FILE = NDFillButtonTests/Info.plist;
				LD_RUNPATH_SEARCH_PATHS = "$(inherited) @executable_path/Frameworks @loader_path/Frameworks";
				PRODUCT_BUNDLE_IDENTIFIER = "Neil-Dwyer.$(PRODUCT_NAME:rfc1034identifier)";
				PRODUCT_NAME = "$(TARGET_NAME)";
				TEST_HOST = "$(BUILT_PRODUCTS_DIR)/NDFillButton.app/NDFillButton";
			};
			name = Debug;
		};
		03C3EF341B67FC01007CF7B2 /* Release */ = {
			isa = XCBuildConfiguration;
			buildSettings = {
				BUNDLE_LOADER = "$(TEST_HOST)";
				FRAMEWORK_SEARCH_PATHS = (
					"$(SDKROOT)/Developer/Library/Frameworks",
					"$(inherited)",
				);
				INFOPLIST_FILE = NDFillButtonTests/Info.plist;
				LD_RUNPATH_SEARCH_PATHS = "$(inherited) @executable_path/Frameworks @loader_path/Frameworks";
				PRODUCT_BUNDLE_IDENTIFIER = "Neil-Dwyer.$(PRODUCT_NAME:rfc1034identifier)";
				PRODUCT_NAME = "$(TARGET_NAME)";
				TEST_HOST = "$(BUILT_PRODUCTS_DIR)/NDFillButton.app/NDFillButton";
			};
			name = Release;
		};
/* End XCBuildConfiguration section */

/* Begin XCConfigurationList section */
		03C3EF0B1B67FC00007CF7B2 /* Build configuration list for PBXProject "NDFillButton" */ = {
			isa = XCConfigurationList;
			buildConfigurations = (
				03C3EF2D1B67FC01007CF7B2 /* Debug */,
				03C3EF2E1B67FC01007CF7B2 /* Release */,
			);
			defaultConfigurationIsVisible = 0;
			defaultConfigurationName = Release;
		};
		03C3EF2F1B67FC01007CF7B2 /* Build configuration list for PBXNativeTarget "NDFillButton" */ = {
			isa = XCConfigurationList;
			buildConfigurations = (
				03C3EF301B67FC01007CF7B2 /* Debug */,
				03C3EF311B67FC01007CF7B2 /* Release */,
			);
			defaultConfigurationIsVisible = 0;
			defaultConfigurationName = Release;
		};
		03C3EF321B67FC01007CF7B2 /* Build configuration list for PBXNativeTarget "NDFillButtonTests" */ = {
			isa = XCConfigurationList;
			buildConfigurations = (
				03C3EF331B67FC01007CF7B2 /* Debug */,
				03C3EF341B67FC01007CF7B2 /* Release */,
			);
			defaultConfigurationIsVisible = 0;
			defaultConfigurationName = Release;
		};
/* End XCConfigurationList section */
	};
	rootObject = 03C3EF081B67FC00007CF7B2 /* Project object */;
}
